{
    "_meta": {
        "hash": {
            "sha256": "0eadab296dc2a00a2b9c754f76791ca851d59ed052d9683b587f7722650adec8"
        },
        "pipfile-spec": 6,
        "requires": {
            "python_version": "3.7"
        },
        "sources": [
            {
                "name": "pypi",
                "url": "https://pypi.org/simple",
                "verify_ssl": true
            }
        ]
    },
    "default": {
        "plotly": {
            "hashes": [
                "sha256:752f0803588b8d895d604c58fa55119ad104f3fbdd5eb5f7d11a3079680c31c0",
                "sha256:aa1602346ffa17895687fc48ae58611f014ed7a5da4b07e79c2ca99d6d4dca31"
            ],
            "index": "pypi",
            "version": "==4.10.0"
        },
        "retrying": {
            "hashes": [
                "sha256:08c039560a6da2fe4f2c426d0766e284d3b736e355f8dd24b37367b0bb41973b"
            ],
            "version": "==1.3.3"
        },
        "six": {
            "hashes": [
                "sha256:30639c035cdb23534cd4aa2dd52c3bf48f06e5f4a941509c8bafd8ce11080259",
                "sha256:8b74bedcbbbaca38ff6d7491d76f2b06b3592611af620f8426e82dddb04a5ced"
            ],
            "version": "==1.15.0"
        }
    },
    "develop": {}
}
